
Microsoft Visual Studio Solution File, Format Version 12.00
# Visual Studio Version 17
VisualStudioVersion = 17.6.33801.468
MinimumVisualStudioVersion = 10.0.40219.1
Project("{9A19103F-16F7-4668-BE54-9A1E7A4F7556}") = "ManagerWarehouse", "ManagerWarehouse\ManagerWarehouse.csproj", "{CD97BB4D-88AA-44B1-829B-301225AF890A}"
	ProjectSection(ProjectDependencies) = postProject
		{035C3AFB-17CD-4BD8-946A-92C4A238C2F3} = {035C3AFB-17CD-4BD8-946A-92C4A238C2F3}
		{58A08DD5-CDD6-4798-901C-C2653DB154BB} = {58A08DD5-CDD6-4798-901C-C2653DB154BB}
	EndProjectSection
EndProject
Project("{9A19103F-16F7-4668-BE54-9A1E7A4F7556}") = "Dal", "Dal\Dal.csproj", "{58A08DD5-CDD6-4798-901C-C2653DB154BB}"
EndProject
Project("{9A19103F-16F7-4668-BE54-9A1E7A4F7556}") = "DTO", "DTO\DTO.csproj", "{035C3AFB-17CD-4BD8-946A-92C4A238C2F3}"
EndProject
Project("{FAE04EC0-301F-11D3-BF4B-00C04F79EFBC}") = "DalTest", "DalTest\DalTest.csproj", "{E1C70C23-D58A-49CE-9091-CD616D3BB3E2}"
EndProject
Global
	GlobalSection(SolutionConfigurationPlatforms) = preSolution
		Debug|Any CPU = Debug|Any CPU
		Release|Any CPU = Release|Any CPU
	EndGlobalSection
	GlobalSection(ProjectConfigurationPlatforms) = postSolution
		{CD97BB4D-88AA-44B1-829B-301225AF890A}.Debug|Any CPU.ActiveCfg = Debug|Any CPU
		{CD97BB4D-88AA-44B1-829B-301225AF890A}.Debug|Any CPU.Build.0 = Debug|Any CPU
		{CD97BB4D-88AA-44B1-829B-301225AF890A}.Release|Any CPU.ActiveCfg = Release|Any CPU
		{CD97BB4D-88AA-44B1-829B-301225AF890A}.Release|Any CPU.Build.0 = Release|Any CPU
		{58A08DD5-CDD6-4798-901C-C2653DB154BB}.Debug|Any CPU.ActiveCfg = Debug|Any CPU
		{58A08DD5-CDD6-4798-901C-C2653DB154BB}.Debug|Any CPU.Build.0 = Debug|Any CPU
		{58A08DD5-CDD6-4798-901C-C2653DB154BB}.Release|Any CPU.ActiveCfg = Release|Any CPU
		{58A08DD5-CDD6-4798-901C-C2653DB154BB}.Release|Any CPU.Build.0 = Release|Any CPU
		{035C3AFB-17CD-4BD8-946A-92C4A238C2F3}.Debug|Any CPU.ActiveCfg = Debug|Any CPU
		{035C3AFB-17CD-4BD8-946A-92C4A238C2F3}.Debug|Any CPU.Build.0 = Debug|Any CPU
		{035C3AFB-17CD-4BD8-946A-92C4A238C2F3}.Release|Any CPU.ActiveCfg = Release|Any CPU
		{035C3AFB-17CD-4BD8-946A-92C4A238C2F3}.Release|Any CPU.Build.0 = Release|Any CPU
		{E1C70C23-D58A-49CE-9091-CD616D3BB3E2}.Debug|Any CPU.ActiveCfg = Debug|Any CPU
		{E1C70C23-D58A-49CE-9091-CD616D3BB3E2}.Debug|Any CPU.Build.0 = Debug|Any CPU
		{E1C70C23-D58A-49CE-9091-CD616D3BB3E2}.Release|Any CPU.ActiveCfg = Release|Any CPU
		{E1C70C23-D58A-49CE-9091-CD616D3BB3E2}.Release|Any CPU.Build.0 = Release|Any CPU
	EndGlobalSection
	GlobalSection(SolutionProperties) = preSolution
		HideSolutionNode = FALSE
	EndGlobalSection
	GlobalSection(ExtensibilityGlobals) = postSolution
		SolutionGuid = {54AD5D67-53FF-4D8B-9241-41C11F63504C}
	EndGlobalSection
EndGlobal
